// !$*UTF8*$!
{
	archiveVersion = 1;
	classes = {
	};
	objectVersion = 56;
	objects = {

/* Begin PBXBuildFile section */
		8E6C19D229F283BE00B81FCD /* ChatTableViewCell.swift in Sources */ = {isa = PBXBuildFile; fileRef = 8E6C19D129F283BE00B81FCD /* ChatTableViewCell.swift */; };
		8E6C19D429F5C9A000B81FCD /* GoogleService-Info.plist in Resources */ = {isa = PBXBuildFile; fileRef = 8E6C19D329F5C9A000B81FCD /* GoogleService-Info.plist */; };
		8E6C19D729F5CB4200B81FCD /* FirebaseAuth in Frameworks */ = {isa = PBXBuildFile; productRef = 8E6C19D629F5CB4200B81FCD /* FirebaseAuth */; };
		8E6C19D929F5CB4200B81FCD /* FirebaseDatabase in Frameworks */ = {isa = PBXBuildFile; productRef = 8E6C19D829F5CB4200B81FCD /* FirebaseDatabase */; };
		8E6C19DB29F5CB4200B81FCD /* FirebaseDatabaseSwift in Frameworks */ = {isa = PBXBuildFile; productRef = 8E6C19DA29F5CB4200B81FCD /* FirebaseDatabaseSwift */; };
		8E6C19DD29F5CB4200B81FCD /* FirebaseFirestore in Frameworks */ = {isa = PBXBuildFile; productRef = 8E6C19DC29F5CB4200B81FCD /* FirebaseFirestore */; };
		8E6C19DF29F5CB4200B81FCD /* FirebaseFirestoreSwift in Frameworks */ = {isa = PBXBuildFile; productRef = 8E6C19DE29F5CB4200B81FCD /* FirebaseFirestoreSwift */; };
		8E6C19E129F5CB4200B81FCD /* FirebaseStorage in Frameworks */ = {isa = PBXBuildFile; productRef = 8E6C19E029F5CB4200B81FCD /* FirebaseStorage */; };
		8E6C19E429F731F900B81FCD /* GoogleSignIn in Frameworks */ = {isa = PBXBuildFile; productRef = 8E6C19E329F731F900B81FCD /* GoogleSignIn */; };
		8E6C19E629F7D8AD00B81FCD /* SignInViewController.swift in Sources */ = {isa = PBXBuildFile; fileRef = 8E6C19E529F7D8AD00B81FCD /* SignInViewController.swift */; };
		8E6C19E829FB00D500B81FCD /* AuthManager.swift in Sources */ = {isa = PBXBuildFile; fileRef = 8E6C19E729FB00D500B81FCD /* AuthManager.swift */; };
		8E6DA0F029EFD64E00C5568F /* AppDelegate.swift in Sources */ = {isa = PBXBuildFile; fileRef = 8E6DA0EF29EFD64E00C5568F /* AppDelegate.swift */; };
		8E6DA0F229EFD64E00C5568F /* SceneDelegate.swift in Sources */ = {isa = PBXBuildFile; fileRef = 8E6DA0F129EFD64E00C5568F /* SceneDelegate.swift */; };
		8E6DA0F429EFD64E00C5568F /* MChatViewController.swift in Sources */ = {isa = PBXBuildFile; fileRef = 8E6DA0F329EFD64E00C5568F /* MChatViewController.swift */; };
		8E6DA0F929EFD65000C5568F /* Assets.xcassets in Resources */ = {isa = PBXBuildFile; fileRef = 8E6DA0F829EFD65000C5568F /* Assets.xcassets */; };
		8E6DA0FC29EFD65000C5568F /* LaunchScreen.storyboard in Resources */ = {isa = PBXBuildFile; fileRef = 8E6DA0FA29EFD65000C5568F /* LaunchScreen.storyboard */; };
/* End PBXBuildFile section */

/* Begin PBXFileReference section */
		8E6C19D129F283BE00B81FCD /* ChatTableViewCell.swift */ = {isa = PBXFileReference; lastKnownFileType = sourcecode.swift; path = ChatTableViewCell.swift; sourceTree = "<group>"; };
		8E6C19D329F5C9A000B81FCD /* GoogleService-Info.plist */ = {isa = PBXFileReference; fileEncoding = 4; lastKnownFileType = text.plist.xml; path = "GoogleService-Info.plist"; sourceTree = "<group>"; };
		8E6C19E529F7D8AD00B81FCD /* SignInViewController.swift */ = {isa = PBXFileReference; lastKnownFileType = sourcecode.swift; path = SignInViewController.swift; sourceTree = "<group>"; };
		8E6C19E729FB00D500B81FCD /* AuthManager.swift */ = {isa = PBXFileReference; lastKnownFileType = sourcecode.swift; path = AuthManager.swift; sourceTree = "<group>"; };
		8E6DA0EC29EFD64E00C5568F /* MChat.app */ = {isa = PBXFileReference; explicitFileType = wrapper.application; includeInIndex = 0; path = MChat.app; sourceTree = BUILT_PRODUCTS_DIR; };
		8E6DA0EF29EFD64E00C5568F /* AppDelegate.swift */ = {isa = PBXFileReference; lastKnownFileType = sourcecode.swift; path = AppDelegate.swift; sourceTree = "<group>"; };
		8E6DA0F129EFD64E00C5568F /* SceneDelegate.swift */ = {isa = PBXFileReference; lastKnownFileType = sourcecode.swift; path = SceneDelegate.swift; sourceTree = "<group>"; };
		8E6DA0F329EFD64E00C5568F /* MChatViewController.swift */ = {isa = PBXFileReference; lastKnownFileType = sourcecode.swift; path = MChatViewController.swift; sourceTree = "<group>"; };
		8E6DA0F829EFD65000C5568F /* Assets.xcassets */ = {isa = PBXFileReference; lastKnownFileType = folder.assetcatalog; path = Assets.xcassets; sourceTree = "<group>"; };
		8E6DA0FB29EFD65000C5568F /* Base */ = {isa = PBXFileReference; lastKnownFileType = file.storyboard; name = Base; path = Base.lproj/LaunchScreen.storyboard; sourceTree = "<group>"; };
		8E6DA0FD29EFD65000C5568F /* Info.plist */ = {isa = PBXFileReference; lastKnownFileType = text.plist.xml; path = Info.plist; sourceTree = "<group>"; };
/* End PBXFileReference section */

/* Begin PBXFrameworksBuildPhase section */
		8E6DA0E929EFD64E00C5568F /* Frameworks */ = {
			isa = PBXFrameworksBuildPhase;
			buildActionMask = 2147483647;
			files = (
				8E6C19DF29F5CB4200B81FCD /* FirebaseFirestoreSwift in Frameworks */,
				8E6C19DB29F5CB4200B81FCD /* FirebaseDatabaseSwift in Frameworks */,
				8E6C19DD29F5CB4200B81FCD /* FirebaseFirestore in Frameworks */,
				8E6C19D929F5CB4200B81FCD /* FirebaseDatabase in Frameworks */,
				8E6C19D729F5CB4200B81FCD /* FirebaseAuth in Frameworks */,
				8E6C19E129F5CB4200B81FCD /* FirebaseStorage in Frameworks */,
				8E6C19E429F731F900B81FCD /* GoogleSignIn in Frameworks */,
			);
			runOnlyForDeploymentPostprocessing = 0;
		};
/* End PBXFrameworksBuildPhase section */

/* Begin PBXGroup section */
		8E6DA0E329EFD64E00C5568F = {
			isa = PBXGroup;
			children = (
				8E6DA0EE29EFD64E00C5568F /* MChat */,
				8E6DA0ED29EFD64E00C5568F /* Products */,
			);
			sourceTree = "<group>";
		};
		8E6DA0ED29EFD64E00C5568F /* Products */ = {
			isa = PBXGroup;
			children = (
				8E6DA0EC29EFD64E00C5568F /* MChat.app */,
			);
			name = Products;
			sourceTree = "<group>";
		};
		8E6DA0EE29EFD64E00C5568F /* MChat */ = {
			isa = PBXGroup;
			children = (
				8E6C19D329F5C9A000B81FCD /* GoogleService-Info.plist */,
				8E6DA0EF29EFD64E00C5568F /* AppDelegate.swift */,
				8E6DA0F129EFD64E00C5568F /* SceneDelegate.swift */,
				8E6DA0F329EFD64E00C5568F /* MChatViewController.swift */,
				8E6C19D129F283BE00B81FCD /* ChatTableViewCell.swift */,
				8E6C19E529F7D8AD00B81FCD /* SignInViewController.swift */,
				8E6DA0F829EFD65000C5568F /* Assets.xcassets */,
				8E6DA0FA29EFD65000C5568F /* LaunchScreen.storyboard */,
				8E6DA0FD29EFD65000C5568F /* Info.plist */,
				8E6C19E729FB00D500B81FCD /* AuthManager.swift */,
			);
			path = MChat;
			sourceTree = "<group>";
		};
/* End PBXGroup section */

/* Begin PBXNativeTarget section */
		8E6DA0EB29EFD64E00C5568F /* MChat */ = {
			isa = PBXNativeTarget;
			buildConfigurationList = 8E6DA10029EFD65000C5568F /* Build configuration list for PBXNativeTarget "MChat" */;
			buildPhases = (
				8E6DA0E829EFD64E00C5568F /* Sources */,
				8E6DA0E929EFD64E00C5568F /* Frameworks */,
				8E6DA0EA29EFD64E00C5568F /* Resources */,
			);
			buildRules = (
			);
			dependencies = (
			);
			name = MChat;
			packageProductDependencies = (
				8E6C19D629F5CB4200B81FCD /* FirebaseAuth */,
				8E6C19D829F5CB4200B81FCD /* FirebaseDatabase */,
				8E6C19DA29F5CB4200B81FCD /* FirebaseDatabaseSwift */,
				8E6C19DC29F5CB4200B81FCD /* FirebaseFirestore */,
				8E6C19DE29F5CB4200B81FCD /* FirebaseFirestoreSwift */,
				8E6C19E029F5CB4200B81FCD /* FirebaseStorage */,
				8E6C19E329F731F900B81FCD /* GoogleSignIn */,
			);
			productName = MChat;
			productReference = 8E6DA0EC29EFD64E00C5568F /* MChat.app */;
			productType = "com.apple.product-type.application";
		};
/* End PBXNativeTarget section */

/* Begin PBXProject section */
		8E6DA0E429EFD64E00C5568F /* Project object */ = {
			isa = PBXProject;
			attributes = {
				BuildIndependentTargetsInParallel = 1;
				LastSwiftUpdateCheck = 1430;
				LastUpgradeCheck = 1430;
				TargetAttributes = {
					8E6DA0EB29EFD64E00C5568F = {
						CreatedOnToolsVersion = 14.3;
					};
				};
			};
			buildConfigurationList = 8E6DA0E729EFD64E00C5568F /* Build configuration list for PBXProject "MChat" */;
			compatibilityVersion = "Xcode 14.0";
			developmentRegion = en;
			hasScannedForEncodings = 0;
			knownRegions = (
				en,
				Base,
			);
			mainGroup = 8E6DA0E329EFD64E00C5568F;
			packageReferences = (
				8E6C19D529F5CB4200B81FCD /* XCRemoteSwiftPackageReference "firebase-ios-sdk" */,
				8E6C19E229F731F800B81FCD /* XCRemoteSwiftPackageReference "GoogleSignIn-iOS" */,
			);
			productRefGroup = 8E6DA0ED29EFD64E00C5568F /* Products */;
			projectDirPath = "";
			projectRoot = "";
			targets = (
				8E6DA0EB29EFD64E00C5568F /* MChat */,
			);
		};
/* End PBXProject section */

/* Begin PBXResourcesBuildPhase section */
		8E6DA0EA29EFD64E00C5568F /* Resources */ = {
			isa = PBXResourcesBuildPhase;
			buildActionMask = 2147483647;
			files = (
				8E6DA0FC29EFD65000C5568F /* LaunchScreen.storyboard in Resources */,
				8E6DA0F929EFD65000C5568F /* Assets.xcassets in Resources */,
				8E6C19D429F5C9A000B81FCD /* GoogleService-Info.plist in Resources */,
			);
			runOnlyForDeploymentPostprocessing = 0;
		};
/* End PBXResourcesBuildPhase section */

/* Begin PBXSourcesBuildPhase section */
		8E6DA0E829EFD64E00C5568F /* Sources */ = {
			isa = PBXSourcesBuildPhase;
			buildActionMask = 2147483647;
			files = (
				8E6DA0F429EFD64E00C5568F /* MChatViewController.swift in Sources */,
				8E6C19E829FB00D500B81FCD /* AuthManager.swift in Sources */,
				8E6C19D229F283BE00B81FCD /* ChatTableViewCell.swift in Sources */,
				8E6DA0F029EFD64E00C5568F /* AppDelegate.swift in Sources */,
				8E6C19E629F7D8AD00B81FCD /* SignInViewController.swift in Sources */,
				8E6DA0F229EFD64E00C5568F /* SceneDelegate.swift in Sources */,
			);
			runOnlyForDeploymentPostprocessing = 0;
		};
/* End PBXSourcesBuildPhase section */

/* Begin PBXVariantGroup section */
		8E6DA0FA29EFD65000C5568F /* LaunchScreen.storyboard */ = {
			isa = PBXVariantGroup;
			children = (
				8E6DA0FB29EFD65000C5568F /* Base */,
			);
			name = LaunchScreen.storyboard;
			sourceTree = "<group>";
		};
/* End PBXVariantGroup section */

/* Begin XCBuildConfiguration section */
		8E6DA0FE29EFD65000C5568F /* Debug */ = {
			isa = XCBuildConfiguration;
			buildSettings = {
				ALWAYS_SEARCH_USER_PATHS = NO;
				CLANG_ANALYZER_NONNULL = YES;
				CLANG_ANALYZER_NUMBER_OBJECT_CONVERSION = YES_AGGRESSIVE;
				CLANG_CXX_LANGUAGE_STANDARD = "gnu++20";
				CLANG_ENABLE_MODULES = YES;
				CLANG_ENABLE_OBJC_ARC = YES;
				CLANG_ENABLE_OBJC_WEAK = YES;
				CLANG_WARN_BLOCK_CAPTURE_AUTORELEASING = YES;
				CLANG_WARN_BOOL_CONVERSION = YES;
				CLANG_WARN_COMMA = YES;
				CLANG_WARN_CONSTANT_CONVERSION = YES;
				CLANG_WARN_DEPRECATED_OBJC_IMPLEMENTATIONS = YES;
				CLANG_WARN_DIRECT_OBJC_ISA_USAGE = YES_ERROR;
				CLANG_WARN_DOCUMENTATION_COMMENTS = YES;
				CLANG_WARN_EMPTY_BODY = YES;
				CLANG_WARN_ENUM_CONVERSION = YES;
				CLANG_WARN_INFINITE_RECURSION = YES;
				CLANG_WARN_INT_CONVERSION = YES;
				CLANG_WARN_NON_LITERAL_NULL_CONVERSION = YES;
				CLANG_WARN_OBJC_IMPLICIT_RETAIN_SELF = YES;
				CLANG_WARN_OBJC_LITERAL_CONVERSION = YES;
				CLANG_WARN_OBJC_ROOT_CLASS = YES_ERROR;
				CLANG_WARN_QUOTED_INCLUDE_IN_FRAMEWORK_HEADER = YES;
				CLANG_WARN_RANGE_LOOP_ANALYSIS = YES;
				CLANG_WARN_STRICT_PROTOTYPES = YES;
				CLANG_WARN_SUSPICIOUS_MOVE = YES;
				CLANG_WARN_UNGUARDED_AVAILABILITY = YES_AGGRESSIVE;
				CLANG_WARN_UNREACHABLE_CODE = YES;
				CLANG_WARN__DUPLICATE_METHOD_MATCH = YES;
				COPY_PHASE_STRIP = NO;
				DEBUG_INFORMATION_FORMAT = dwarf;
				ENABLE_STRICT_OBJC_MSGSEND = YES;
				ENABLE_TESTABILITY = YES;
				GCC_C_LANGUAGE_STANDARD = gnu11;
				GCC_DYNAMIC_NO_PIC = NO;
				GCC_NO_COMMON_BLOCKS = YES;
				GCC_OPTIMIZATION_LEVEL = 0;
				GCC_PREPROCESSOR_DEFINITIONS = (
					"DEBUG=1",
					"$(inherited)",
				);
				GCC_WARN_64_TO_32_BIT_CONVERSION = YES;
				GCC_WARN_ABOUT_RETURN_TYPE = YES_ERROR;
				GCC_WARN_UNDECLARED_SELECTOR = YES;
				GCC_WARN_UNINITIALIZED_AUTOS = YES_AGGRESSIVE;
				GCC_WARN_UNUSED_FUNCTION = YES;
				GCC_WARN_UNUSED_VARIABLE = YES;
				IPHONEOS_DEPLOYMENT_TARGET = 16.4;
				MTL_ENABLE_DEBUG_INFO = INCLUDE_SOURCE;
				MTL_FAST_MATH = YES;
				ONLY_ACTIVE_ARCH = YES;
				SDKROOT = iphoneos;
				SWIFT_ACTIVE_COMPILATION_CONDITIONS = DEBUG;
				SWIFT_OPTIMIZATION_LEVEL = "-Onone";
			};
			name = Debug;
		};
		8E6DA0FF29EFD65000C5568F /* Release */ = {
			isa = XCBuildConfiguration;
			buildSettings = {
				ALWAYS_SEARCH_USER_PATHS = NO;
				CLANG_ANALYZER_NONNULL = YES;
				CLANG_ANALYZER_NUMBER_OBJECT_CONVERSION = YES_AGGRESSIVE;
				CLANG_CXX_LANGUAGE_STANDARD = "gnu++20";
				CLANG_ENABLE_MODULES = YES;
				CLANG_ENABLE_OBJC_ARC = YES;
				CLANG_ENABLE_OBJC_WEAK = YES;
				CLANG_WARN_BLOCK_CAPTURE_AUTORELEASING = YES;
				CLANG_WARN_BOOL_CONVERSION = YES;
				CLANG_WARN_COMMA = YES;
				CLANG_WARN_CONSTANT_CONVERSION = YES;
				CLANG_WARN_DEPRECATED_OBJC_IMPLEMENTATIONS = YES;
				CLANG_WARN_DIRECT_OBJC_ISA_USAGE = YES_ERROR;
				CLANG_WARN_DOCUMENTATION_COMMENTS = YES;
				CLANG_WARN_EMPTY_BODY = YES;
				CLANG_WARN_ENUM_CONVERSION = YES;
				CLANG_WARN_INFINITE_RECURSION = YES;
				CLANG_WARN_INT_CONVERSION = YES;
				CLANG_WARN_NON_LITERAL_NULL_CONVERSION = YES;
				CLANG_WARN_OBJC_IMPLICIT_RETAIN_SELF = YES;
				CLANG_WARN_OBJC_LITERAL_CONVERSION = YES;
				CLANG_WARN_OBJC_ROOT_CLASS = YES_ERROR;
				CLANG_WARN_QUOTED_INCLUDE_IN_FRAMEWORK_HEADER = YES;
				CLANG_WARN_RANGE_LOOP_ANALYSIS = YES;
				CLANG_WARN_STRICT_PROTOTYPES = YES;
				CLANG_WARN_SUSPICIOUS_MOVE = YES;
				CLANG_WARN_UNGUARDED_AVAILABILITY = YES_AGGRESSIVE;
				CLANG_WARN_UNREACHABLE_CODE = YES;
				CLANG_WARN__DUPLICATE_METHOD_MATCH = YES;
				COPY_PHASE_STRIP = NO;
				DEBUG_INFORMATION_FORMAT = "dwarf-with-dsym";
				ENABLE_NS_ASSERTIONS = NO;
				ENABLE_STRICT_OBJC_MSGSEND = YES;
				GCC_C_LANGUAGE_STANDARD = gnu11;
				GCC_NO_COMMON_BLOCKS = YES;
				GCC_WARN_64_TO_32_BIT_CONVERSION = YES;
				GCC_WARN_ABOUT_RETURN_TYPE = YES_ERROR;
				GCC_WARN_UNDECLARED_SELECTOR = YES;
				GCC_WARN_UNINITIALIZED_AUTOS = YES_AGGRESSIVE;
				GCC_WARN_UNUSED_FUNCTION = YES;
				GCC_WARN_UNUSED_VARIABLE = YES;
				IPHONEOS_DEPLOYMENT_TARGET = 16.4;
				MTL_ENABLE_DEBUG_INFO = NO;
				MTL_FAST_MATH = YES;
				SDKROOT = iphoneos;
				SWIFT_COMPILATION_MODE = wholemodule;
				SWIFT_OPTIMIZATION_LEVEL = "-O";
				VALIDATE_PRODUCT = YES;
			};
			name = Release;
		};
		8E6DA10129EFD65000C5568F /* Debug */ = {
			isa = XCBuildConfiguration;
			buildSettings = {
				ASSETCATALOG_COMPILER_APPICON_NAME = AppIcon;
				ASSETCATALOG_COMPILER_GLOBAL_ACCENT_COLOR_NAME = AccentColor;
				CODE_SIGN_STYLE = Automatic;
				CURRENT_PROJECT_VERSION = 1;
				DEVELOPMENT_TEAM = 6KX7QCZNDW;
				GENERATE_INFOPLIST_FILE = YES;
				INFOPLIST_FILE = MChat/Info.plist;
				INFOPLIST_KEY_UIApplicationSupportsIndirectInputEvents = YES;
				INFOPLIST_KEY_UILaunchStoryboardName = LaunchScreen;
				INFOPLIST_KEY_UISupportedInterfaceOrientations_iPad = "UIInterfaceOrientationPortrait UIInterfaceOrientationPortraitUpsideDown UIInterfaceOrientationLandscapeLeft UIInterfaceOrientationLandscapeRight";
				INFOPLIST_KEY_UISupportedInterfaceOrientations_iPhone = "UIInterfaceOrientationPortrait UIInterfaceOrientationLandscapeLeft UIInterfaceOrientationLandscapeRight";
				LD_RUNPATH_SEARCH_PATHS = (
					"$(inherited)",
					"@executable_path/Frameworks",
				);
				MARKETING_VERSION = 1.0;
				PRODUCT_BUNDLE_IDENTIFIER = com.michalwolanin.MChat;
				PRODUCT_NAME = "$(TARGET_NAME)";
				SWIFT_EMIT_LOC_STRINGS = YES;
				SWIFT_VERSION = 5.0;
				TARGETED_DEVICE_FAMILY = "1,2";
			};
			name = Debug;
		};
		8E6DA10229EFD65000C5568F /* Release */ = {
			isa = XCBuildConfiguration;
			buildSettings = {
				ASSETCATALOG_COMPILER_APPICON_NAME = AppIcon;
				ASSETCATALOG_COMPILER_GLOBAL_ACCENT_COLOR_NAME = AccentColor;
				CODE_SIGN_STYLE = Automatic;
				CURRENT_PROJECT_VERSION = 1;
				DEVELOPMENT_TEAM = 6KX7QCZNDW;
				GENERATE_INFOPLIST_FILE = YES;
				INFOPLIST_FILE = MChat/Info.plist;
				INFOPLIST_KEY_UIApplicationSupportsIndirectInputEvents = YES;
				INFOPLIST_KEY_UILaunchStoryboardName = LaunchScreen;
				INFOPLIST_KEY_UISupportedInterfaceOrientations_iPad = "UIInterfaceOrientationPortrait UIInterfaceOrientationPortraitUpsideDown UIInterfaceOrientationLandscapeLeft UIInterfaceOrientationLandscapeRight";
				INFOPLIST_KEY_UISupportedInterfaceOrientations_iPhone = "UIInterfaceOrientationPortrait UIInterfaceOrientationLandscapeLeft UIInterfaceOrientationLandscapeRight";
				LD_RUNPATH_SEARCH_PATHS = (
					"$(inherited)",
					"@executable_path/Frameworks",
				);
				MARKETING_VERSION = 1.0;
				PRODUCT_BUNDLE_IDENTIFIER = com.michalwolanin.MChat;
				PRODUCT_NAME = "$(TARGET_NAME)";
				SWIFT_EMIT_LOC_STRINGS = YES;
				SWIFT_VERSION = 5.0;
				TARGETED_DEVICE_FAMILY = "1,2";
			};
			name = Release;
		};
/* End XCBuildConfiguration section */

/* Begin XCConfigurationList section */
		8E6DA0E729EFD64E00C5568F /* Build configuration list for PBXProject "MChat" */ = {
			isa = XCConfigurationList;
			buildConfigurations = (
				8E6DA0FE29EFD65000C5568F /* Debug */,
				8E6DA0FF29EFD65000C5568F /* Release */,
			);
			defaultConfigurationIsVisible = 0;
			defaultConfigurationName = Release;
		};
		8E6DA10029EFD65000C5568F /* Build configuration list for PBXNativeTarget "MChat" */ = {
			isa = XCConfigurationList;
			buildConfigurations = (
				8E6DA10129EFD65000C5568F /* Debug */,
				8E6DA10229EFD65000C5568F /* Release */,
			);
			defaultConfigurationIsVisible = 0;
			defaultConfigurationName = Release;
		};
/* End XCConfigurationList section */

/* Begin XCRemoteSwiftPackageReference section */
		8E6C19D529F5CB4200B81FCD /* XCRemoteSwiftPackageReference "firebase-ios-sdk" */ = {
			isa = XCRemoteSwiftPackageReference;
			repositoryURL = "https://github.com/firebase/firebase-ios-sdk";
			requirement = {
				kind = versionRange;
				maximumVersion = 11.0.0;
				minimumVersion = 10.0.0;
			};
		};
		8E6C19E229F731F800B81FCD /* XCRemoteSwiftPackageReference "GoogleSignIn-iOS" */ = {
			isa = XCRemoteSwiftPackageReference;
			repositoryURL = "https://github.com/google/GoogleSignIn-iOS";
			requirement = {
				branch = main;
				kind = branch;
			};
		};
/* End XCRemoteSwiftPackageReference section */

/* Begin XCSwiftPackageProductDependency section */
		8E6C19D629F5CB4200B81FCD /* FirebaseAuth */ = {
			isa = XCSwiftPackageProductDependency;
			package = 8E6C19D529F5CB4200B81FCD /* XCRemoteSwiftPackageReference "firebase-ios-sdk" */;
			productName = FirebaseAuth;
		};
		8E6C19D829F5CB4200B81FCD /* FirebaseDatabase */ = {
			isa = XCSwiftPackageProductDependency;
			package = 8E6C19D529F5CB4200B81FCD /* XCRemoteSwiftPackageReference "firebase-ios-sdk" */;
			productName = FirebaseDatabase;
		};
		8E6C19DA29F5CB4200B81FCD /* FirebaseDatabaseSwift */ = {
			isa = XCSwiftPackageProductDependency;
			package = 8E6C19D529F5CB4200B81FCD /* XCRemoteSwiftPackageReference "firebase-ios-sdk" */;
			productName = FirebaseDatabaseSwift;
		};
		8E6C19DC29F5CB4200B81FCD /* FirebaseFirestore */ = {
			isa = XCSwiftPackageProductDependency;
			package = 8E6C19D529F5CB4200B81FCD /* XCRemoteSwiftPackageReference "firebase-ios-sdk" */;
			productName = FirebaseFirestore;
		};
		8E6C19DE29F5CB4200B81FCD /* FirebaseFirestoreSwift */ = {
			isa = XCSwiftPackageProductDependency;
			package = 8E6C19D529F5CB4200B81FCD /* XCRemoteSwiftPackageReference "firebase-ios-sdk" */;
			productName = FirebaseFirestoreSwift;
		};
		8E6C19E029F5CB4200B81FCD /* FirebaseStorage */ = {
			isa = XCSwiftPackageProductDependency;
			package = 8E6C19D529F5CB4200B81FCD /* XCRemoteSwiftPackageReference "firebase-ios-sdk" */;
			productName = FirebaseStorage;
		};
		8E6C19E329F731F900B81FCD /* GoogleSignIn */ = {
			isa = XCSwiftPackageProductDependency;
			package = 8E6C19E229F731F800B81FCD /* XCRemoteSwiftPackageReference "GoogleSignIn-iOS" */;
			productName = GoogleSignIn;
		};
/* End XCSwiftPackageProductDependency section */
	};
	rootObject = 8E6DA0E429EFD64E00C5568F /* Project object */;
}
